// !$*UTF8*$!
{
	archiveVersion = 1;
	classes = {
	};
	objectVersion = 56;
	objects = {

/* Begin PBXBuildFile section */
		542A25A72AAC0573006D62A2 /* AppDelegate.m in Sources */ = {isa = PBXBuildFile; fileRef = 542A25A62AAC0573006D62A2 /* AppDelegate.m */; };
		542A25AA2AAC0573006D62A2 /* SceneDelegate.m in Sources */ = {isa = PBXBuildFile; fileRef = 542A25A92AAC0573006D62A2 /* SceneDelegate.m */; };
		542A25AD2AAC0573006D62A2 /* MainViewController.m in Sources */ = {isa = PBXBuildFile; fileRef = 542A25AC2AAC0573006D62A2 /* MainViewController.m */; };
		542A25B02AAC0573006D62A2 /* Main.storyboard in Resources */ = {isa = PBXBuildFile; fileRef = 542A25AE2AAC0573006D62A2 /* Main.storyboard */; };
		542A25B22AAC0574006D62A2 /* Assets.xcassets in Resources */ = {isa = PBXBuildFile; fileRef = 542A25B12AAC0574006D62A2 /* Assets.xcassets */; };
		542A25B52AAC0574006D62A2 /* LaunchScreen.storyboard in Resources */ = {isa = PBXBuildFile; fileRef = 542A25B32AAC0574006D62A2 /* LaunchScreen.storyboard */; };
		542A25B82AAC0574006D62A2 /* main.m in Sources */ = {isa = PBXBuildFile; fileRef = 542A25B72AAC0574006D62A2 /* main.m */; };
		542A25C22AAC0575006D62A2 /* MovieSearchTests.m in Sources */ = {isa = PBXBuildFile; fileRef = 542A25C12AAC0575006D62A2 /* MovieSearchTests.m */; };
		542A25CC2AAC0575006D62A2 /* MovieSearchUITests.m in Sources */ = {isa = PBXBuildFile; fileRef = 542A25CB2AAC0575006D62A2 /* MovieSearchUITests.m */; };
		542A25CE2AAC0575006D62A2 /* MovieSearchUITestsLaunchTests.m in Sources */ = {isa = PBXBuildFile; fileRef = 542A25CD2AAC0575006D62A2 /* MovieSearchUITestsLaunchTests.m */; };
		542A25DE2AAC085F006D62A2 /* MainViewModel.m in Sources */ = {isa = PBXBuildFile; fileRef = 542A25DD2AAC085F006D62A2 /* MainViewModel.m */; };
		542A25E22AAC0A8D006D62A2 /* APIService.m in Sources */ = {isa = PBXBuildFile; fileRef = 542A25E12AAC0A8D006D62A2 /* APIService.m */; };
		542A25E62AAC163D006D62A2 /* Movie.m in Sources */ = {isa = PBXBuildFile; fileRef = 542A25E52AAC163D006D62A2 /* Movie.m */; };
		542A25E92AAC2159006D62A2 /* APIConstants.m in Sources */ = {isa = PBXBuildFile; fileRef = 542A25E82AAC2158006D62A2 /* APIConstants.m */; };
/* End PBXBuildFile section */

/* Begin PBXContainerItemProxy section */
		542A25BE2AAC0575006D62A2 /* PBXContainerItemProxy */ = {
			isa = PBXContainerItemProxy;
			containerPortal = 542A259A2AAC0573006D62A2 /* Project object */;
			proxyType = 1;
			remoteGlobalIDString = 542A25A12AAC0573006D62A2;
			remoteInfo = MovieSearch;
		};
		542A25C82AAC0575006D62A2 /* PBXContainerItemProxy */ = {
			isa = PBXContainerItemProxy;
			containerPortal = 542A259A2AAC0573006D62A2 /* Project object */;
			proxyType = 1;
			remoteGlobalIDString = 542A25A12AAC0573006D62A2;
			remoteInfo = MovieSearch;
		};
/* End PBXContainerItemProxy section */

/* Begin PBXFileReference section */
		542A25A22AAC0573006D62A2 /* MovieSearch.app */ = {isa = PBXFileReference; explicitFileType = wrapper.application; includeInIndex = 0; path = MovieSearch.app; sourceTree = BUILT_PRODUCTS_DIR; };
		542A25A52AAC0573006D62A2 /* AppDelegate.h */ = {isa = PBXFileReference; lastKnownFileType = sourcecode.c.h; path = AppDelegate.h; sourceTree = "<group>"; };
		542A25A62AAC0573006D62A2 /* AppDelegate.m */ = {isa = PBXFileReference; lastKnownFileType = sourcecode.c.objc; path = AppDelegate.m; sourceTree = "<group>"; };
		542A25A82AAC0573006D62A2 /* SceneDelegate.h */ = {isa = PBXFileReference; lastKnownFileType = sourcecode.c.h; path = SceneDelegate.h; sourceTree = "<group>"; };
		542A25A92AAC0573006D62A2 /* SceneDelegate.m */ = {isa = PBXFileReference; lastKnownFileType = sourcecode.c.objc; path = SceneDelegate.m; sourceTree = "<group>"; };
		542A25AB2AAC0573006D62A2 /* MainViewController.h */ = {isa = PBXFileReference; lastKnownFileType = sourcecode.c.h; path = MainViewController.h; sourceTree = "<group>"; };
		542A25AC2AAC0573006D62A2 /* MainViewController.m */ = {isa = PBXFileReference; lastKnownFileType = sourcecode.c.objc; path = MainViewController.m; sourceTree = "<group>"; };
		542A25AF2AAC0573006D62A2 /* Base */ = {isa = PBXFileReference; lastKnownFileType = file.storyboard; name = Base; path = Base.lproj/Main.storyboard; sourceTree = "<group>"; };
		542A25B12AAC0574006D62A2 /* Assets.xcassets */ = {isa = PBXFileReference; lastKnownFileType = folder.assetcatalog; path = Assets.xcassets; sourceTree = "<group>"; };
		542A25B42AAC0574006D62A2 /* Base */ = {isa = PBXFileReference; lastKnownFileType = file.storyboard; name = Base; path = Base.lproj/LaunchScreen.storyboard; sourceTree = "<group>"; };
		542A25B62AAC0574006D62A2 /* Info.plist */ = {isa = PBXFileReference; lastKnownFileType = text.plist.xml; path = Info.plist; sourceTree = "<group>"; };
		542A25B72AAC0574006D62A2 /* main.m */ = {isa = PBXFileReference; lastKnownFileType = sourcecode.c.objc; path = main.m; sourceTree = "<group>"; };
		542A25BD2AAC0575006D62A2 /* MovieSearchTests.xctest */ = {isa = PBXFileReference; explicitFileType = wrapper.cfbundle; includeInIndex = 0; path = MovieSearchTests.xctest; sourceTree = BUILT_PRODUCTS_DIR; };
		542A25C12AAC0575006D62A2 /* MovieSearchTests.m */ = {isa = PBXFileReference; lastKnownFileType = sourcecode.c.objc; path = MovieSearchTests.m; sourceTree = "<group>"; };
		542A25C72AAC0575006D62A2 /* MovieSearchUITests.xctest */ = {isa = PBXFileReference; explicitFileType = wrapper.cfbundle; includeInIndex = 0; path = MovieSearchUITests.xctest; sourceTree = BUILT_PRODUCTS_DIR; };
		542A25CB2AAC0575006D62A2 /* MovieSearchUITests.m */ = {isa = PBXFileReference; lastKnownFileType = sourcecode.c.objc; path = MovieSearchUITests.m; sourceTree = "<group>"; };
		542A25CD2AAC0575006D62A2 /* MovieSearchUITestsLaunchTests.m */ = {isa = PBXFileReference; lastKnownFileType = sourcecode.c.objc; path = MovieSearchUITestsLaunchTests.m; sourceTree = "<group>"; };
		542A25DC2AAC085F006D62A2 /* MainViewModel.h */ = {isa = PBXFileReference; lastKnownFileType = sourcecode.c.h; path = MainViewModel.h; sourceTree = "<group>"; };
		542A25DD2AAC085F006D62A2 /* MainViewModel.m */ = {isa = PBXFileReference; lastKnownFileType = sourcecode.c.objc; path = MainViewModel.m; sourceTree = "<group>"; };
		542A25E02AAC0A8D006D62A2 /* APIService.h */ = {isa = PBXFileReference; lastKnownFileType = sourcecode.c.h; path = APIService.h; sourceTree = "<group>"; };
		542A25E12AAC0A8D006D62A2 /* APIService.m */ = {isa = PBXFileReference; lastKnownFileType = sourcecode.c.objc; path = APIService.m; sourceTree = "<group>"; };
		542A25E42AAC163D006D62A2 /* Movie.h */ = {isa = PBXFileReference; lastKnownFileType = sourcecode.c.h; path = Movie.h; sourceTree = "<group>"; };
		542A25E52AAC163D006D62A2 /* Movie.m */ = {isa = PBXFileReference; lastKnownFileType = sourcecode.c.objc; path = Movie.m; sourceTree = "<group>"; };
		542A25E72AAC2158006D62A2 /* APIConstants.h */ = {isa = PBXFileReference; lastKnownFileType = sourcecode.c.h; path = APIConstants.h; sourceTree = "<group>"; };
		542A25E82AAC2158006D62A2 /* APIConstants.m */ = {isa = PBXFileReference; lastKnownFileType = sourcecode.c.objc; path = APIConstants.m; sourceTree = "<group>"; };
/* End PBXFileReference section */

/* Begin PBXFrameworksBuildPhase section */
		542A259F2AAC0573006D62A2 /* Frameworks */ = {
			isa = PBXFrameworksBuildPhase;
			buildActionMask = 2147483647;
			files = (
			);
			runOnlyForDeploymentPostprocessing = 0;
		};
		542A25BA2AAC0575006D62A2 /* Frameworks */ = {
			isa = PBXFrameworksBuildPhase;
			buildActionMask = 2147483647;
			files = (
			);
			runOnlyForDeploymentPostprocessing = 0;
		};
		542A25C42AAC0575006D62A2 /* Frameworks */ = {
			isa = PBXFrameworksBuildPhase;
			buildActionMask = 2147483647;
			files = (
			);
			runOnlyForDeploymentPostprocessing = 0;
		};
/* End PBXFrameworksBuildPhase section */

/* Begin PBXGroup section */
		542A25992AAC0573006D62A2 = {
			isa = PBXGroup;
			children = (
				542A25A42AAC0573006D62A2 /* MovieSearch */,
				542A25C02AAC0575006D62A2 /* MovieSearchTests */,
				542A25CA2AAC0575006D62A2 /* MovieSearchUITests */,
				542A25A32AAC0573006D62A2 /* Products */,
			);
			sourceTree = "<group>";
		};
		542A25A32AAC0573006D62A2 /* Products */ = {
			isa = PBXGroup;
			children = (
				542A25A22AAC0573006D62A2 /* MovieSearch.app */,
				542A25BD2AAC0575006D62A2 /* MovieSearchTests.xctest */,
				542A25C72AAC0575006D62A2 /* MovieSearchUITests.xctest */,
			);
			name = Products;
			sourceTree = "<group>";
		};
		542A25A42AAC0573006D62A2 /* MovieSearch */ = {
			isa = PBXGroup;
			children = (
				542A25E32AAC1632006D62A2 /* Model */,
				542A25DF2AAC0A7F006D62A2 /* Service */,
				542A25DB2AAC0852006D62A2 /* ViewModel */,
				542A25DA2AAC0848006D62A2 /* ViewController */,
				542A25A52AAC0573006D62A2 /* AppDelegate.h */,
				542A25A62AAC0573006D62A2 /* AppDelegate.m */,
				542A25A82AAC0573006D62A2 /* SceneDelegate.h */,
				542A25A92AAC0573006D62A2 /* SceneDelegate.m */,
				542A25AE2AAC0573006D62A2 /* Main.storyboard */,
				542A25B12AAC0574006D62A2 /* Assets.xcassets */,
				542A25B32AAC0574006D62A2 /* LaunchScreen.storyboard */,
				542A25B62AAC0574006D62A2 /* Info.plist */,
				542A25B72AAC0574006D62A2 /* main.m */,
			);
			path = MovieSearch;
			sourceTree = "<group>";
		};
		542A25C02AAC0575006D62A2 /* MovieSearchTests */ = {
			isa = PBXGroup;
			children = (
				542A25C12AAC0575006D62A2 /* MovieSearchTests.m */,
			);
			path = MovieSearchTests;
			sourceTree = "<group>";
		};
		542A25CA2AAC0575006D62A2 /* MovieSearchUITests */ = {
			isa = PBXGroup;
			children = (
				542A25CB2AAC0575006D62A2 /* MovieSearchUITests.m */,
				542A25CD2AAC0575006D62A2 /* MovieSearchUITestsLaunchTests.m */,
			);
			path = MovieSearchUITests;
			sourceTree = "<group>";
		};
		542A25DA2AAC0848006D62A2 /* ViewController */ = {
			isa = PBXGroup;
			children = (
				542A25AB2AAC0573006D62A2 /* MainViewController.h */,
				542A25AC2AAC0573006D62A2 /* MainViewController.m */,
			);
			path = ViewController;
			sourceTree = "<group>";
		};
		542A25DB2AAC0852006D62A2 /* ViewModel */ = {
			isa = PBXGroup;
			children = (
				542A25DC2AAC085F006D62A2 /* MainViewModel.h */,
				542A25DD2AAC085F006D62A2 /* MainViewModel.m */,
			);
			path = ViewModel;
			sourceTree = "<group>";
		};
		542A25DF2AAC0A7F006D62A2 /* Service */ = {
			isa = PBXGroup;
			children = (
				542A25E02AAC0A8D006D62A2 /* APIService.h */,
				542A25E12AAC0A8D006D62A2 /* APIService.m */,
				542A25E72AAC2158006D62A2 /* APIConstants.h */,
				542A25E82AAC2158006D62A2 /* APIConstants.m */,
			);
			path = Service;
			sourceTree = "<group>";
		};
		542A25E32AAC1632006D62A2 /* Model */ = {
			isa = PBXGroup;
			children = (
				542A25E42AAC163D006D62A2 /* Movie.h */,
				542A25E52AAC163D006D62A2 /* Movie.m */,
			);
			path = Model;
			sourceTree = "<group>";
		};
/* End PBXGroup section */

/* Begin PBXNativeTarget section */
		542A25A12AAC0573006D62A2 /* MovieSearch */ = {
			isa = PBXNativeTarget;
			buildConfigurationList = 542A25D12AAC0575006D62A2 /* Build configuration list for PBXNativeTarget "MovieSearch" */;
			buildPhases = (
				542A259E2AAC0573006D62A2 /* Sources */,
				542A259F2AAC0573006D62A2 /* Frameworks */,
				542A25A02AAC0573006D62A2 /* Resources */,
			);
			buildRules = (
			);
			dependencies = (
			);
			name = MovieSearch;
			productName = MovieSearch;
			productReference = 542A25A22AAC0573006D62A2 /* MovieSearch.app */;
			productType = "com.apple.product-type.application";
		};
		542A25BC2AAC0575006D62A2 /* MovieSearchTests */ = {
			isa = PBXNativeTarget;
			buildConfigurationList = 542A25D42AAC0575006D62A2 /* Build configuration list for PBXNativeTarget "MovieSearchTests" */;
			buildPhases = (
				542A25B92AAC0575006D62A2 /* Sources */,
				542A25BA2AAC0575006D62A2 /* Frameworks */,
				542A25BB2AAC0575006D62A2 /* Resources */,
			);
			buildRules = (
			);
			dependencies = (
				542A25BF2AAC0575006D62A2 /* PBXTargetDependency */,
			);
			name = MovieSearchTests;
			productName = MovieSearchTests;
			productReference = 542A25BD2AAC0575006D62A2 /* MovieSearchTests.xctest */;
			productType = "com.apple.product-type.bundle.unit-test";
		};
		542A25C62AAC0575006D62A2 /* MovieSearchUITests */ = {
			isa = PBXNativeTarget;
			buildConfigurationList = 542A25D72AAC0575006D62A2 /* Build configuration list for PBXNativeTarget "MovieSearchUITests" */;
			buildPhases = (
				542A25C32AAC0575006D62A2 /* Sources */,
				542A25C42AAC0575006D62A2 /* Frameworks */,
				542A25C52AAC0575006D62A2 /* Resources */,
			);
			buildRules = (
			);
			dependencies = (
				542A25C92AAC0575006D62A2 /* PBXTargetDependency */,
			);
			name = MovieSearchUITests;
			productName = MovieSearchUITests;
			productReference = 542A25C72AAC0575006D62A2 /* MovieSearchUITests.xctest */;
			productType = "com.apple.product-type.bundle.ui-testing";
		};
/* End PBXNativeTarget section */

/* Begin PBXProject section */
		542A259A2AAC0573006D62A2 /* Project object */ = {
			isa = PBXProject;
			attributes = {
				BuildIndependentTargetsInParallel = 1;
				LastUpgradeCheck = 1430;
				TargetAttributes = {
					542A25A12AAC0573006D62A2 = {
						CreatedOnToolsVersion = 14.3;
					};
					542A25BC2AAC0575006D62A2 = {
						CreatedOnToolsVersion = 14.3;
						TestTargetID = 542A25A12AAC0573006D62A2;
					};
					542A25C62AAC0575006D62A2 = {
						CreatedOnToolsVersion = 14.3;
						TestTargetID = 542A25A12AAC0573006D62A2;
					};
				};
			};
			buildConfigurationList = 542A259D2AAC0573006D62A2 /* Build configuration list for PBXProject "MovieSearch" */;
			compatibilityVersion = "Xcode 14.0";
			developmentRegion = en;
			hasScannedForEncodings = 0;
			knownRegions = (
				en,
				Base,
			);
			mainGroup = 542A25992AAC0573006D62A2;
			productRefGroup = 542A25A32AAC0573006D62A2 /* Products */;
			projectDirPath = "";
			projectRoot = "";
			targets = (
				542A25A12AAC0573006D62A2 /* MovieSearch */,
				542A25BC2AAC0575006D62A2 /* MovieSearchTests */,
				542A25C62AAC0575006D62A2 /* MovieSearchUITests */,
			);
		};
/* End PBXProject section */

/* Begin PBXResourcesBuildPhase section */
		542A25A02AAC0573006D62A2 /* Resources */ = {
			isa = PBXResourcesBuildPhase;
			buildActionMask = 2147483647;
			files = (
				542A25B52AAC0574006D62A2 /* LaunchScreen.storyboard in Resources */,
				542A25B22AAC0574006D62A2 /* Assets.xcassets in Resources */,
				542A25B02AAC0573006D62A2 /* Main.storyboard in Resources */,
			);
			runOnlyForDeploymentPostprocessing = 0;
		};
		542A25BB2AAC0575006D62A2 /* Resources */ = {
			isa = PBXResourcesBuildPhase;
			buildActionMask = 2147483647;
			files = (
			);
			runOnlyForDeploymentPostprocessing = 0;
		};
		542A25C52AAC0575006D62A2 /* Resources */ = {
			isa = PBXResourcesBuildPhase;
			buildActionMask = 2147483647;
			files = (
			);
			runOnlyForDeploymentPostprocessing = 0;
		};
/* End PBXResourcesBuildPhase section */

/* Begin PBXSourcesBuildPhase section */
		542A259E2AAC0573006D62A2 /* Sources */ = {
			isa = PBXSourcesBuildPhase;
			buildActionMask = 2147483647;
			files = (
				542A25E92AAC2159006D62A2 /* APIConstants.m in Sources */,
				542A25E22AAC0A8D006D62A2 /* APIService.m in Sources */,
				542A25AD2AAC0573006D62A2 /* MainViewController.m in Sources */,
				542A25E62AAC163D006D62A2 /* Movie.m in Sources */,
				542A25A72AAC0573006D62A2 /* AppDelegate.m in Sources */,
				542A25B82AAC0574006D62A2 /* main.m in Sources */,
				542A25DE2AAC085F006D62A2 /* MainViewModel.m in Sources */,
				542A25AA2AAC0573006D62A2 /* SceneDelegate.m in Sources */,
			);
			runOnlyForDeploymentPostprocessing = 0;
		};
		542A25B92AAC0575006D62A2 /* Sources */ = {
			isa = PBXSourcesBuildPhase;
			buildActionMask = 2147483647;
			files = (
				542A25C22AAC0575006D62A2 /* MovieSearchTests.m in Sources */,
			);
			runOnlyForDeploymentPostprocessing = 0;
		};
		542A25C32AAC0575006D62A2 /* Sources */ = {
			isa = PBXSourcesBuildPhase;
			buildActionMask = 2147483647;
			files = (
				542A25CC2AAC0575006D62A2 /* MovieSearchUITests.m in Sources */,
				542A25CE2AAC0575006D62A2 /* MovieSearchUITestsLaunchTests.m in Sources */,
			);
			runOnlyForDeploymentPostprocessing = 0;
		};
/* End PBXSourcesBuildPhase section */

/* Begin PBXTargetDependency section */
		542A25BF2AAC0575006D62A2 /* PBXTargetDependency */ = {
			isa = PBXTargetDependency;
			target = 542A25A12AAC0573006D62A2 /* MovieSearch */;
			targetProxy = 542A25BE2AAC0575006D62A2 /* PBXContainerItemProxy */;
		};
		542A25C92AAC0575006D62A2 /* PBXTargetDependency */ = {
			isa = PBXTargetDependency;
			target = 542A25A12AAC0573006D62A2 /* MovieSearch */;
			targetProxy = 542A25C82AAC0575006D62A2 /* PBXContainerItemProxy */;
		};
/* End PBXTargetDependency section */

/* Begin PBXVariantGroup section */
		542A25AE2AAC0573006D62A2 /* Main.storyboard */ = {
			isa = PBXVariantGroup;
			children = (
				542A25AF2AAC0573006D62A2 /* Base */,
			);
			name = Main.storyboard;
			sourceTree = "<group>";
		};
		542A25B32AAC0574006D62A2 /* LaunchScreen.storyboard */ = {
			isa = PBXVariantGroup;
			children = (
				542A25B42AAC0574006D62A2 /* Base */,
			);
			name = LaunchScreen.storyboard;
			sourceTree = "<group>";
		};
/* End PBXVariantGroup section */

/* Begin XCBuildConfiguration section */
		542A25CF2AAC0575006D62A2 /* Debug */ = {
			isa = XCBuildConfiguration;
			buildSettings = {
				ALWAYS_SEARCH_USER_PATHS = NO;
				CLANG_ANALYZER_NONNULL = YES;
				CLANG_ANALYZER_NUMBER_OBJECT_CONVERSION = YES_AGGRESSIVE;
				CLANG_CXX_LANGUAGE_STANDARD = "gnu++20";
				CLANG_ENABLE_MODULES = YES;
				CLANG_ENABLE_OBJC_ARC = YES;
				CLANG_ENABLE_OBJC_WEAK = YES;
				CLANG_WARN_BLOCK_CAPTURE_AUTORELEASING = YES;
				CLANG_WARN_BOOL_CONVERSION = YES;
				CLANG_WARN_COMMA = YES;
				CLANG_WARN_CONSTANT_CONVERSION = YES;
				CLANG_WARN_DEPRECATED_OBJC_IMPLEMENTATIONS = YES;
				CLANG_WARN_DIRECT_OBJC_ISA_USAGE = YES_ERROR;
				CLANG_WARN_DOCUMENTATION_COMMENTS = YES;
				CLANG_WARN_EMPTY_BODY = YES;
				CLANG_WARN_ENUM_CONVERSION = YES;
				CLANG_WARN_INFINITE_RECURSION = YES;
				CLANG_WARN_INT_CONVERSION = YES;
				CLANG_WARN_NON_LITERAL_NULL_CONVERSION = YES;
				CLANG_WARN_OBJC_IMPLICIT_RETAIN_SELF = YES;
				CLANG_WARN_OBJC_LITERAL_CONVERSION = YES;
				CLANG_WARN_OBJC_ROOT_CLASS = YES_ERROR;
				CLANG_WARN_QUOTED_INCLUDE_IN_FRAMEWORK_HEADER = YES;
				CLANG_WARN_RANGE_LOOP_ANALYSIS = YES;
				CLANG_WARN_STRICT_PROTOTYPES = YES;
				CLANG_WARN_SUSPICIOUS_MOVE = YES;
				CLANG_WARN_UNGUARDED_AVAILABILITY = YES_AGGRESSIVE;
				CLANG_WARN_UNREACHABLE_CODE = YES;
				CLANG_WARN__DUPLICATE_METHOD_MATCH = YES;
				COPY_PHASE_STRIP = NO;
				DEBUG_INFORMATION_FORMAT = dwarf;
				ENABLE_STRICT_OBJC_MSGSEND = YES;
				ENABLE_TESTABILITY = YES;
				GCC_C_LANGUAGE_STANDARD = gnu11;
				GCC_DYNAMIC_NO_PIC = NO;
				GCC_NO_COMMON_BLOCKS = YES;
				GCC_OPTIMIZATION_LEVEL = 0;
				GCC_PREPROCESSOR_DEFINITIONS = (
					"DEBUG=1",
					"$(inherited)",
				);
				GCC_WARN_64_TO_32_BIT_CONVERSION = YES;
				GCC_WARN_ABOUT_RETURN_TYPE = YES_ERROR;
				GCC_WARN_UNDECLARED_SELECTOR = YES;
				GCC_WARN_UNINITIALIZED_AUTOS = YES_AGGRESSIVE;
				GCC_WARN_UNUSED_FUNCTION = YES;
				GCC_WARN_UNUSED_VARIABLE = YES;
				IPHONEOS_DEPLOYMENT_TARGET = 16.4;
				MTL_ENABLE_DEBUG_INFO = INCLUDE_SOURCE;
				MTL_FAST_MATH = YES;
				ONLY_ACTIVE_ARCH = YES;
				SDKROOT = iphoneos;
			};
			name = Debug;
		};
		542A25D02AAC0575006D62A2 /* Release */ = {
			isa = XCBuildConfiguration;
			buildSettings = {
				ALWAYS_SEARCH_USER_PATHS = NO;
				CLANG_ANALYZER_NONNULL = YES;
				CLANG_ANALYZER_NUMBER_OBJECT_CONVERSION = YES_AGGRESSIVE;
				CLANG_CXX_LANGUAGE_STANDARD = "gnu++20";
				CLANG_ENABLE_MODULES = YES;
				CLANG_ENABLE_OBJC_ARC = YES;
				CLANG_ENABLE_OBJC_WEAK = YES;
				CLANG_WARN_BLOCK_CAPTURE_AUTORELEASING = YES;
				CLANG_WARN_BOOL_CONVERSION = YES;
				CLANG_WARN_COMMA = YES;
				CLANG_WARN_CONSTANT_CONVERSION = YES;
				CLANG_WARN_DEPRECATED_OBJC_IMPLEMENTATIONS = YES;
				CLANG_WARN_DIRECT_OBJC_ISA_USAGE = YES_ERROR;
				CLANG_WARN_DOCUMENTATION_COMMENTS = YES;
				CLANG_WARN_EMPTY_BODY = YES;
				CLANG_WARN_ENUM_CONVERSION = YES;
				CLANG_WARN_INFINITE_RECURSION = YES;
				CLANG_WARN_INT_CONVERSION = YES;
				CLANG_WARN_NON_LITERAL_NULL_CONVERSION = YES;
				CLANG_WARN_OBJC_IMPLICIT_RETAIN_SELF = YES;
				CLANG_WARN_OBJC_LITERAL_CONVERSION = YES;
				CLANG_WARN_OBJC_ROOT_CLASS = YES_ERROR;
				CLANG_WARN_QUOTED_INCLUDE_IN_FRAMEWORK_HEADER = YES;
				CLANG_WARN_RANGE_LOOP_ANALYSIS = YES;
				CLANG_WARN_STRICT_PROTOTYPES = YES;
				CLANG_WARN_SUSPICIOUS_MOVE = YES;
				CLANG_WARN_UNGUARDED_AVAILABILITY = YES_AGGRESSIVE;
				CLANG_WARN_UNREACHABLE_CODE = YES;
				CLANG_WARN__DUPLICATE_METHOD_MATCH = YES;
				COPY_PHASE_STRIP = NO;
				DEBUG_INFORMATION_FORMAT = "dwarf-with-dsym";
				ENABLE_NS_ASSERTIONS = NO;
				ENABLE_STRICT_OBJC_MSGSEND = YES;
				GCC_C_LANGUAGE_STANDARD = gnu11;
				GCC_NO_COMMON_BLOCKS = YES;
				GCC_WARN_64_TO_32_BIT_CONVERSION = YES;
				GCC_WARN_ABOUT_RETURN_TYPE = YES_ERROR;
				GCC_WARN_UNDECLARED_SELECTOR = YES;
				GCC_WARN_UNINITIALIZED_AUTOS = YES_AGGRESSIVE;
				GCC_WARN_UNUSED_FUNCTION = YES;
				GCC_WARN_UNUSED_VARIABLE = YES;
				IPHONEOS_DEPLOYMENT_TARGET = 16.4;
				MTL_ENABLE_DEBUG_INFO = NO;
				MTL_FAST_MATH = YES;
				SDKROOT = iphoneos;
				VALIDATE_PRODUCT = YES;
			};
			name = Release;
		};
		542A25D22AAC0575006D62A2 /* Debug */ = {
			isa = XCBuildConfiguration;
			buildSettings = {
				ASSETCATALOG_COMPILER_APPICON_NAME = AppIcon;
				ASSETCATALOG_COMPILER_GLOBAL_ACCENT_COLOR_NAME = AccentColor;
				CODE_SIGN_STYLE = Automatic;
				CURRENT_PROJECT_VERSION = 1;
				DEVELOPMENT_TEAM = R74253J4UR;
				GENERATE_INFOPLIST_FILE = YES;
				INFOPLIST_FILE = MovieSearch/Info.plist;
				INFOPLIST_KEY_UIApplicationSupportsIndirectInputEvents = YES;
				INFOPLIST_KEY_UILaunchStoryboardName = LaunchScreen;
				INFOPLIST_KEY_UIMainStoryboardFile = Main;
				INFOPLIST_KEY_UISupportedInterfaceOrientations_iPad = "UIInterfaceOrientationPortrait UIInterfaceOrientationPortraitUpsideDown UIInterfaceOrientationLandscapeLeft UIInterfaceOrientationLandscapeRight";
				INFOPLIST_KEY_UISupportedInterfaceOrientations_iPhone = "UIInterfaceOrientationPortrait UIInterfaceOrientationLandscapeLeft UIInterfaceOrientationLandscapeRight";
				LD_RUNPATH_SEARCH_PATHS = (
					"$(inherited)",
					"@executable_path/Frameworks",
				);
				MARKETING_VERSION = 1.0;
				PRODUCT_BUNDLE_IDENTIFIER = practice.MovieSearch;
				PRODUCT_NAME = "$(TARGET_NAME)";
				SWIFT_EMIT_LOC_STRINGS = YES;
				TARGETED_DEVICE_FAMILY = "1,2";
			};
			name = Debug;
		};
		542A25D32AAC0575006D62A2 /* Release */ = {
			isa = XCBuildConfiguration;
			buildSettings = {
				ASSETCATALOG_COMPILER_APPICON_NAME = AppIcon;
				ASSETCATALOG_COMPILER_GLOBAL_ACCENT_COLOR_NAME = AccentColor;
				CODE_SIGN_STYLE = Automatic;
				CURRENT_PROJECT_VERSION = 1;
				DEVELOPMENT_TEAM = R74253J4UR;
				GENERATE_INFOPLIST_FILE = YES;
				INFOPLIST_FILE = MovieSearch/Info.plist;
				INFOPLIST_KEY_UIApplicationSupportsIndirectInputEvents = YES;
				INFOPLIST_KEY_UILaunchStoryboardName = LaunchScreen;
				INFOPLIST_KEY_UIMainStoryboardFile = Main;
				INFOPLIST_KEY_UISupportedInterfaceOrientations_iPad = "UIInterfaceOrientationPortrait UIInterfaceOrientationPortraitUpsideDown UIInterfaceOrientationLandscapeLeft UIInterfaceOrientationLandscapeRight";
				INFOPLIST_KEY_UISupportedInterfaceOrientations_iPhone = "UIInterfaceOrientationPortrait UIInterfaceOrientationLandscapeLeft UIInterfaceOrientationLandscapeRight";
				LD_RUNPATH_SEARCH_PATHS = (
					"$(inherited)",
					"@executable_path/Frameworks",
				);
				MARKETING_VERSION = 1.0;
				PRODUCT_BUNDLE_IDENTIFIER = practice.MovieSearch;
				PRODUCT_NAME = "$(TARGET_NAME)";
				SWIFT_EMIT_LOC_STRINGS = YES;
				TARGETED_DEVICE_FAMILY = "1,2";
			};
			name = Release;
		};
		542A25D52AAC0575006D62A2 /* Debug */ = {
			isa = XCBuildConfiguration;
			buildSettings = {
				BUNDLE_LOADER = "$(TEST_HOST)";
				CODE_SIGN_STYLE = Automatic;
				CURRENT_PROJECT_VERSION = 1;
				DEVELOPMENT_TEAM = R74253J4UR;
				GENERATE_INFOPLIST_FILE = YES;
				IPHONEOS_DEPLOYMENT_TARGET = 16.4;
				MARKETING_VERSION = 1.0;
				PRODUCT_BUNDLE_IDENTIFIER = practice.MovieSearchTests;
				PRODUCT_NAME = "$(TARGET_NAME)";
				SWIFT_EMIT_LOC_STRINGS = NO;
				TARGETED_DEVICE_FAMILY = "1,2";
				TEST_HOST = "$(BUILT_PRODUCTS_DIR)/MovieSearch.app/$(BUNDLE_EXECUTABLE_FOLDER_PATH)/MovieSearch";
			};
			name = Debug;
		};
		542A25D62AAC0575006D62A2 /* Release */ = {
			isa = XCBuildConfiguration;
			buildSettings = {
				BUNDLE_LOADER = "$(TEST_HOST)";
				CODE_SIGN_STYLE = Automatic;
				CURRENT_PROJECT_VERSION = 1;
				DEVELOPMENT_TEAM = R74253J4UR;
				GENERATE_INFOPLIST_FILE = YES;
				IPHONEOS_DEPLOYMENT_TARGET = 16.4;
				MARKETING_VERSION = 1.0;
				PRODUCT_BUNDLE_IDENTIFIER = practice.MovieSearchTests;
				PRODUCT_NAME = "$(TARGET_NAME)";
				SWIFT_EMIT_LOC_STRINGS = NO;
				TARGETED_DEVICE_FAMILY = "1,2";
				TEST_HOST = "$(BUILT_PRODUCTS_DIR)/MovieSearch.app/$(BUNDLE_EXECUTABLE_FOLDER_PATH)/MovieSearch";
			};
			name = Release;
		};
		542A25D82AAC0575006D62A2 /* Debug */ = {
			isa = XCBuildConfiguration;
			buildSettings = {
				CODE_SIGN_STYLE = Automatic;
				CURRENT_PROJECT_VERSION = 1;
				DEVELOPMENT_TEAM = R74253J4UR;
				GENERATE_INFOPLIST_FILE = YES;
				MARKETING_VERSION = 1.0;
				PRODUCT_BUNDLE_IDENTIFIER = practice.MovieSearchUITests;
				PRODUCT_NAME = "$(TARGET_NAME)";
				SWIFT_EMIT_LOC_STRINGS = NO;
				TARGETED_DEVICE_FAMILY = "1,2";
				TEST_TARGET_NAME = MovieSearch;
			};
			name = Debug;
		};
		542A25D92AAC0575006D62A2 /* Release */ = {
			isa = XCBuildConfiguration;
			buildSettings = {
				CODE_SIGN_STYLE = Automatic;
				CURRENT_PROJECT_VERSION = 1;
				DEVELOPMENT_TEAM = R74253J4UR;
				GENERATE_INFOPLIST_FILE = YES;
				MARKETING_VERSION = 1.0;
				PRODUCT_BUNDLE_IDENTIFIER = practice.MovieSearchUITests;
				PRODUCT_NAME = "$(TARGET_NAME)";
				SWIFT_EMIT_LOC_STRINGS = NO;
				TARGETED_DEVICE_FAMILY = "1,2";
				TEST_TARGET_NAME = MovieSearch;
			};
			name = Release;
		};
/* End XCBuildConfiguration section */

/* Begin XCConfigurationList section */
		542A259D2AAC0573006D62A2 /* Build configuration list for PBXProject "MovieSearch" */ = {
			isa = XCConfigurationList;
			buildConfigurations = (
				542A25CF2AAC0575006D62A2 /* Debug */,
				542A25D02AAC0575006D62A2 /* Release */,
			);
			defaultConfigurationIsVisible = 0;
			defaultConfigurationName = Release;
		};
		542A25D12AAC0575006D62A2 /* Build configuration list for PBXNativeTarget "MovieSearch" */ = {
			isa = XCConfigurationList;
			buildConfigurations = (
				542A25D22AAC0575006D62A2 /* Debug */,
				542A25D32AAC0575006D62A2 /* Release */,
			);
			defaultConfigurationIsVisible = 0;
			defaultConfigurationName = Release;
		};
		542A25D42AAC0575006D62A2 /* Build configuration list for PBXNativeTarget "MovieSearchTests" */ = {
			isa = XCConfigurationList;
			buildConfigurations = (
				542A25D52AAC0575006D62A2 /* Debug */,
				542A25D62AAC0575006D62A2 /* Release */,
			);
			defaultConfigurationIsVisible = 0;
			defaultConfigurationName = Release;
		};
		542A25D72AAC0575006D62A2 /* Build configuration list for PBXNativeTarget "MovieSearchUITests" */ = {
			isa = XCConfigurationList;
			buildConfigurations = (
				542A25D82AAC0575006D62A2 /* Debug */,
				542A25D92AAC0575006D62A2 /* Release */,
			);
			defaultConfigurationIsVisible = 0;
			defaultConfigurationName = Release;
		};
/* End XCConfigurationList section */
	};
	rootObject = 542A259A2AAC0573006D62A2 /* Project object */;
}
